
Microsoft Visual Studio Solution File, Format Version 12.00
# Visual Studio Version 17
VisualStudioVersion = 17.2.32616.157
MinimumVisualStudioVersion = 10.0.40219.1
Project("{FAE04EC0-301F-11D3-BF4B-00C04F79EFBC}") = "TeamsAPI", "TeamsAPI.csproj", "{24F80601-DEBB-4169-AA8E-02D7B0C4CD5B}"
EndProject
Global
	GlobalSection(SolutionConfigurationPlatforms) = preSolution
		Debug|Any CPU = Debug|Any CPU
		Release|Any CPU = Release|Any CPU
	EndGlobalSection
	GlobalSection(ProjectConfigurationPlatforms) = postSolution
		{24F80601-DEBB-4169-AA8E-02D7B0C4CD5B}.Debug|Any CPU.ActiveCfg = Debug|Any CPU
		{24F80601-DEBB-4169-AA8E-02D7B0C4CD5B}.Debug|Any CPU.Build.0 = Debug|Any CPU
		{24F80601-DEBB-4169-AA8E-02D7B0C4CD5B}.Release|Any CPU.ActiveCfg = Release|Any CPU
		{24F80601-DEBB-4169-AA8E-02D7B0C4CD5B}.Release|Any CPU.Build.0 = Release|Any CPU
	EndGlobalSection
	GlobalSection(SolutionProperties) = preSolution
		HideSolutionNode = FALSE
	EndGlobalSection
	GlobalSection(ExtensibilityGlobals) = postSolution
		SolutionGuid = {A600A82D-F09C-4C40-81A7-954724904A5C}
	EndGlobalSection
EndGlobal
